
Microsoft Visual Studio Solution File, Format Version 12.00
Project("{FAE04EC0-301F-11D3-BF4B-00C04F79EFBC}") = "Catalog", "Catalog\Catalog.csproj", "{494C650D-E799-4631-A8CD-2498A9F6384B}"
EndProject
Global
	GlobalSection(SolutionConfigurationPlatforms) = preSolution
		Debug|Any CPU = Debug|Any CPU
		Release|Any CPU = Release|Any CPU
	EndGlobalSection
	GlobalSection(ProjectConfigurationPlatforms) = postSolution
		{494C650D-E799-4631-A8CD-2498A9F6384B}.Debug|Any CPU.ActiveCfg = Debug|Any CPU
		{494C650D-E799-4631-A8CD-2498A9F6384B}.Debug|Any CPU.Build.0 = Debug|Any CPU
		{494C650D-E799-4631-A8CD-2498A9F6384B}.Release|Any CPU.ActiveCfg = Release|Any CPU
		{494C650D-E799-4631-A8CD-2498A9F6384B}.Release|Any CPU.Build.0 = Release|Any CPU
	EndGlobalSection
EndGlobal
